
Microsoft Visual Studio Solution File, Format Version 12.00
Project("{FAE04EC0-301F-11D3-BF4B-00C04F79EFBC}") = "BookingService", "BookingService\BookingService.csproj", "{30440040-3BB3-49A3-9819-E19A9069407E}"
EndProject
Project("{2150E333-8FDC-42A3-9474-1A3956D46DE8}") = "Solution Items", "Solution Items", "{B65826C8-8DC5-4F07-8637-AEC6B671E998}"
	ProjectSection(SolutionItems) = preProject
		compose.yaml = compose.yaml
	EndProjectSection
EndProject
Global
	GlobalSection(SolutionConfigurationPlatforms) = preSolution
		Debug|Any CPU = Debug|Any CPU
		Release|Any CPU = Release|Any CPU
	EndGlobalSection
	GlobalSection(ProjectConfigurationPlatforms) = postSolution
		{30440040-3BB3-49A3-9819-E19A9069407E}.Debug|Any CPU.ActiveCfg = Debug|Any CPU
		{30440040-3BB3-49A3-9819-E19A9069407E}.Debug|Any CPU.Build.0 = Debug|Any CPU
		{30440040-3BB3-49A3-9819-E19A9069407E}.Release|Any CPU.ActiveCfg = Release|Any CPU
		{30440040-3BB3-49A3-9819-E19A9069407E}.Release|Any CPU.Build.0 = Release|Any CPU
	EndGlobalSection
EndGlobal
